
Microsoft Visual Studio Solution File, Format Version 12.00
# Visual Studio Version 17
VisualStudioVersion = 17.11.35222.181
MinimumVisualStudioVersion = 10.0.40219.1
Project("{9A19103F-16F7-4668-BE54-9A1E7A4F7556}") = "picpayapi", "picpayapi\picpayapi.csproj", "{24532739-E858-469D-8BA6-573D3BC1F59C}"
EndProject
Global
	GlobalSection(SolutionConfigurationPlatforms) = preSolution
		Debug|Any CPU = Debug|Any CPU
		Release|Any CPU = Release|Any CPU
	EndGlobalSection
	GlobalSection(ProjectConfigurationPlatforms) = postSolution
		{24532739-E858-469D-8BA6-573D3BC1F59C}.Debug|Any CPU.ActiveCfg = Debug|Any CPU
		{24532739-E858-469D-8BA6-573D3BC1F59C}.Debug|Any CPU.Build.0 = Debug|Any CPU
		{24532739-E858-469D-8BA6-573D3BC1F59C}.Release|Any CPU.ActiveCfg = Release|Any CPU
		{24532739-E858-469D-8BA6-573D3BC1F59C}.Release|Any CPU.Build.0 = Release|Any CPU
	EndGlobalSection
	GlobalSection(SolutionProperties) = preSolution
		HideSolutionNode = FALSE
	EndGlobalSection
	GlobalSection(ExtensibilityGlobals) = postSolution
		SolutionGuid = {F85905E6-061B-4913-ACBE-F17BDD9B9D70}
	EndGlobalSection
EndGlobal
